
Microsoft Visual Studio Solution File, Format Version 12.00
# Visual Studio Version 16
VisualStudioVersion = 16.0.32413.511
MinimumVisualStudioVersion = 10.0.40219.1
Project("{FAE04EC0-301F-11D3-BF4B-00C04F79EFBC}") = "QRCode.FEW", "QRCode.FEW\QRCode.FEW.csproj", "{A257FAA7-9EC3-4DB4-BBF1-C19240B3AF79}"
EndProject
Project("{FAE04EC0-301F-11D3-BF4B-00C04F79EFBC}") = "QRCode.Core", "QRCode.Core\QRCode.Core.csproj", "{4345649E-3BC3-48C3-9828-1869553DD49F}"
EndProject
Project("{FAE04EC0-301F-11D3-BF4B-00C04F79EFBC}") = "QRCode.Repositories", "QRCode.Repositories\QRCode.Repositories.csproj", "{C070315E-243A-49ED-8FE8-67A565A2579B}"
EndProject
Project("{FAE04EC0-301F-11D3-BF4B-00C04F79EFBC}") = "QRCode.Services", "QRCode.Services\QRCode.Services.csproj", "{A8E2C329-6367-4E2B-805B-7FA10F7D7B4C}"
EndProject
Global
	GlobalSection(SolutionConfigurationPlatforms) = preSolution
		Debug|Any CPU = Debug|Any CPU
		Release|Any CPU = Release|Any CPU
	EndGlobalSection
	GlobalSection(ProjectConfigurationPlatforms) = postSolution
		{A257FAA7-9EC3-4DB4-BBF1-C19240B3AF79}.Debug|Any CPU.ActiveCfg = Debug|Any CPU
		{A257FAA7-9EC3-4DB4-BBF1-C19240B3AF79}.Debug|Any CPU.Build.0 = Debug|Any CPU
		{A257FAA7-9EC3-4DB4-BBF1-C19240B3AF79}.Release|Any CPU.ActiveCfg = Release|Any CPU
		{A257FAA7-9EC3-4DB4-BBF1-C19240B3AF79}.Release|Any CPU.Build.0 = Release|Any CPU
		{4345649E-3BC3-48C3-9828-1869553DD49F}.Debug|Any CPU.ActiveCfg = Debug|Any CPU
		{4345649E-3BC3-48C3-9828-1869553DD49F}.Debug|Any CPU.Build.0 = Debug|Any CPU
		{4345649E-3BC3-48C3-9828-1869553DD49F}.Release|Any CPU.ActiveCfg = Release|Any CPU
		{4345649E-3BC3-48C3-9828-1869553DD49F}.Release|Any CPU.Build.0 = Release|Any CPU
		{C070315E-243A-49ED-8FE8-67A565A2579B}.Debug|Any CPU.ActiveCfg = Debug|Any CPU
		{C070315E-243A-49ED-8FE8-67A565A2579B}.Debug|Any CPU.Build.0 = Debug|Any CPU
		{C070315E-243A-49ED-8FE8-67A565A2579B}.Release|Any CPU.ActiveCfg = Release|Any CPU
		{C070315E-243A-49ED-8FE8-67A565A2579B}.Release|Any CPU.Build.0 = Release|Any CPU
		{A8E2C329-6367-4E2B-805B-7FA10F7D7B4C}.Debug|Any CPU.ActiveCfg = Debug|Any CPU
		{A8E2C329-6367-4E2B-805B-7FA10F7D7B4C}.Debug|Any CPU.Build.0 = Debug|Any CPU
		{A8E2C329-6367-4E2B-805B-7FA10F7D7B4C}.Release|Any CPU.ActiveCfg = Release|Any CPU
		{A8E2C329-6367-4E2B-805B-7FA10F7D7B4C}.Release|Any CPU.Build.0 = Release|Any CPU
	EndGlobalSection
	GlobalSection(SolutionProperties) = preSolution
		HideSolutionNode = FALSE
	EndGlobalSection
	GlobalSection(ExtensibilityGlobals) = postSolution
		SolutionGuid = {20BEF737-2B85-42EB-BD14-809B62E3F38E}
	EndGlobalSection
EndGlobal
